
Microsoft Visual Studio Solution File, Format Version 11.00
# Visual Studio 2010
Project("{FAE04EC0-301F-11D3-BF4B-00C04F79EFBC}") = "Amiga Power Analysis", "PowerAnalysis\Amiga Power Analysis.csproj", "{358CB528-DDA2-4C8B-83A8-66FE10D97FA0}"
EndProject
Global
	GlobalSection(SolutionConfigurationPlatforms) = preSolution
		Debug|x86 = Debug|x86
		Release|x86 = Release|x86
	EndGlobalSection
	GlobalSection(ProjectConfigurationPlatforms) = postSolution
		{358CB528-DDA2-4C8B-83A8-66FE10D97FA0}.Debug|x86.ActiveCfg = Debug|x86
		{358CB528-DDA2-4C8B-83A8-66FE10D97FA0}.Debug|x86.Build.0 = Debug|x86
		{358CB528-DDA2-4C8B-83A8-66FE10D97FA0}.Release|x86.ActiveCfg = Release|x86
		{358CB528-DDA2-4C8B-83A8-66FE10D97FA0}.Release|x86.Build.0 = Release|x86
	EndGlobalSection
	GlobalSection(SolutionProperties) = preSolution
		HideSolutionNode = FALSE
	EndGlobalSection
EndGlobal
