
Microsoft Visual Studio Solution File, Format Version 12.00
# Visual Studio 2012
Project("{FAE04EC0-301F-11D3-BF4B-00C04F79EFBC}") = "AmigaPowerAnalysis.Tests", "AmigaPowerAnalysis.Tests\AmigaPowerAnalysis.Tests.csproj", "{BC8C357B-7776-4B78-B133-20CE23EF9D5E}"
EndProject
Project("{930C7802-8A8C-48F9-8165-68863BCCD9DD}") = "AmigaPowerAnalysis.Installer", "AmigaPowerAnalysis.Installer\AmigaPowerAnalysis.Installer.wixproj", "{5200468A-E823-4D3D-B841-D6A1169E0440}"
EndProject
Project("{FAE04EC0-301F-11D3-BF4B-00C04F79EFBC}") = "AmigaPowerAnalysis", "AmigaPowerAnalysis.Core\AmigaPowerAnalysis.csproj", "{358CB528-DDA2-4C8B-83A8-66FE10D97FA0}"
EndProject
Project("{FAE04EC0-301F-11D3-BF4B-00C04F79EFBC}") = "Biometris", "Biometris\Biometris.csproj", "{302F9992-0D6C-4A52-BD1A-9BD0FBDF6A56}"
EndProject
Project("{FAE04EC0-301F-11D3-BF4B-00C04F79EFBC}") = "Biometris.Tests", "Biometris.Tests\Biometris.Tests.csproj", "{100A1C46-E031-4FD7-AA7E-7B0CFDB52DD8}"
EndProject
Global
	GlobalSection(SolutionConfigurationPlatforms) = preSolution
		Debug|Any CPU = Debug|Any CPU
		Debug|Mixed Platforms = Debug|Mixed Platforms
		Debug|x86 = Debug|x86
		Release|Any CPU = Release|Any CPU
		Release|Mixed Platforms = Release|Mixed Platforms
		Release|x86 = Release|x86
	EndGlobalSection
	GlobalSection(ProjectConfigurationPlatforms) = postSolution
		{BC8C357B-7776-4B78-B133-20CE23EF9D5E}.Debug|Any CPU.ActiveCfg = Debug|Any CPU
		{BC8C357B-7776-4B78-B133-20CE23EF9D5E}.Debug|Any CPU.Build.0 = Debug|Any CPU
		{BC8C357B-7776-4B78-B133-20CE23EF9D5E}.Debug|Mixed Platforms.ActiveCfg = Debug|Any CPU
		{BC8C357B-7776-4B78-B133-20CE23EF9D5E}.Debug|Mixed Platforms.Build.0 = Debug|Any CPU
		{BC8C357B-7776-4B78-B133-20CE23EF9D5E}.Debug|x86.ActiveCfg = Debug|Any CPU
		{BC8C357B-7776-4B78-B133-20CE23EF9D5E}.Debug|x86.Build.0 = Debug|Any CPU
		{BC8C357B-7776-4B78-B133-20CE23EF9D5E}.Release|Any CPU.ActiveCfg = Release|Any CPU
		{BC8C357B-7776-4B78-B133-20CE23EF9D5E}.Release|Mixed Platforms.ActiveCfg = Release|Any CPU
		{BC8C357B-7776-4B78-B133-20CE23EF9D5E}.Release|Mixed Platforms.Build.0 = Release|Any CPU
		{BC8C357B-7776-4B78-B133-20CE23EF9D5E}.Release|x86.ActiveCfg = Release|Any CPU
		{5200468A-E823-4D3D-B841-D6A1169E0440}.Debug|Any CPU.ActiveCfg = Debug|x86
		{5200468A-E823-4D3D-B841-D6A1169E0440}.Debug|Mixed Platforms.ActiveCfg = Debug|x86
		{5200468A-E823-4D3D-B841-D6A1169E0440}.Debug|x86.ActiveCfg = Debug|x86
		{5200468A-E823-4D3D-B841-D6A1169E0440}.Release|Any CPU.ActiveCfg = Release|x86
		{5200468A-E823-4D3D-B841-D6A1169E0440}.Release|Mixed Platforms.ActiveCfg = Release|x86
		{5200468A-E823-4D3D-B841-D6A1169E0440}.Release|Mixed Platforms.Build.0 = Release|x86
		{5200468A-E823-4D3D-B841-D6A1169E0440}.Release|x86.ActiveCfg = Release|x86
		{5200468A-E823-4D3D-B841-D6A1169E0440}.Release|x86.Build.0 = Release|x86
		{358CB528-DDA2-4C8B-83A8-66FE10D97FA0}.Debug|Any CPU.ActiveCfg = Debug|Any CPU
		{358CB528-DDA2-4C8B-83A8-66FE10D97FA0}.Debug|Any CPU.Build.0 = Debug|Any CPU
		{358CB528-DDA2-4C8B-83A8-66FE10D97FA0}.Debug|Mixed Platforms.ActiveCfg = Debug|x86
		{358CB528-DDA2-4C8B-83A8-66FE10D97FA0}.Debug|Mixed Platforms.Build.0 = Debug|x86
		{358CB528-DDA2-4C8B-83A8-66FE10D97FA0}.Debug|x86.ActiveCfg = Debug|x86
		{358CB528-DDA2-4C8B-83A8-66FE10D97FA0}.Debug|x86.Build.0 = Debug|x86
		{358CB528-DDA2-4C8B-83A8-66FE10D97FA0}.Release|Any CPU.ActiveCfg = Release|Any CPU
		{358CB528-DDA2-4C8B-83A8-66FE10D97FA0}.Release|Any CPU.Build.0 = Release|Any CPU
		{358CB528-DDA2-4C8B-83A8-66FE10D97FA0}.Release|Mixed Platforms.ActiveCfg = Release|x86
		{358CB528-DDA2-4C8B-83A8-66FE10D97FA0}.Release|Mixed Platforms.Build.0 = Release|x86
		{358CB528-DDA2-4C8B-83A8-66FE10D97FA0}.Release|x86.ActiveCfg = Release|x86
		{358CB528-DDA2-4C8B-83A8-66FE10D97FA0}.Release|x86.Build.0 = Release|x86
		{302F9992-0D6C-4A52-BD1A-9BD0FBDF6A56}.Debug|Any CPU.ActiveCfg = Debug|Any CPU
		{302F9992-0D6C-4A52-BD1A-9BD0FBDF6A56}.Debug|Any CPU.Build.0 = Debug|Any CPU
		{302F9992-0D6C-4A52-BD1A-9BD0FBDF6A56}.Debug|Mixed Platforms.ActiveCfg = Debug|Any CPU
		{302F9992-0D6C-4A52-BD1A-9BD0FBDF6A56}.Debug|Mixed Platforms.Build.0 = Debug|Any CPU
		{302F9992-0D6C-4A52-BD1A-9BD0FBDF6A56}.Debug|x86.ActiveCfg = Debug|Any CPU
		{302F9992-0D6C-4A52-BD1A-9BD0FBDF6A56}.Release|Any CPU.ActiveCfg = Release|Any CPU
		{302F9992-0D6C-4A52-BD1A-9BD0FBDF6A56}.Release|Any CPU.Build.0 = Release|Any CPU
		{302F9992-0D6C-4A52-BD1A-9BD0FBDF6A56}.Release|Mixed Platforms.ActiveCfg = Release|Any CPU
		{302F9992-0D6C-4A52-BD1A-9BD0FBDF6A56}.Release|Mixed Platforms.Build.0 = Release|Any CPU
		{302F9992-0D6C-4A52-BD1A-9BD0FBDF6A56}.Release|x86.ActiveCfg = Release|Any CPU
		{100A1C46-E031-4FD7-AA7E-7B0CFDB52DD8}.Debug|Any CPU.ActiveCfg = Debug|Any CPU
		{100A1C46-E031-4FD7-AA7E-7B0CFDB52DD8}.Debug|Any CPU.Build.0 = Debug|Any CPU
		{100A1C46-E031-4FD7-AA7E-7B0CFDB52DD8}.Debug|Mixed Platforms.ActiveCfg = Debug|Any CPU
		{100A1C46-E031-4FD7-AA7E-7B0CFDB52DD8}.Debug|Mixed Platforms.Build.0 = Debug|Any CPU
		{100A1C46-E031-4FD7-AA7E-7B0CFDB52DD8}.Debug|x86.ActiveCfg = Debug|Any CPU
		{100A1C46-E031-4FD7-AA7E-7B0CFDB52DD8}.Release|Any CPU.ActiveCfg = Release|Any CPU
		{100A1C46-E031-4FD7-AA7E-7B0CFDB52DD8}.Release|Any CPU.Build.0 = Release|Any CPU
		{100A1C46-E031-4FD7-AA7E-7B0CFDB52DD8}.Release|Mixed Platforms.ActiveCfg = Release|Any CPU
		{100A1C46-E031-4FD7-AA7E-7B0CFDB52DD8}.Release|Mixed Platforms.Build.0 = Release|Any CPU
		{100A1C46-E031-4FD7-AA7E-7B0CFDB52DD8}.Release|x86.ActiveCfg = Release|Any CPU
	EndGlobalSection
	GlobalSection(SolutionProperties) = preSolution
		HideSolutionNode = FALSE
	EndGlobalSection
EndGlobal
